// !$*UTF8*$!
{
	archiveVersion = 1;
	classes = {
	};
	objectVersion = 50;
	objects = {

/* Begin PBXBuildFile section */
		B6D91D9624487BC900CEA482 /* AppDelegate.swift in Sources */ = {isa = PBXBuildFile; fileRef = B6D91D9524487BC900CEA482 /* AppDelegate.swift */; };
		B6D91D9824487BC900CEA482 /* SceneDelegate.swift in Sources */ = {isa = PBXBuildFile; fileRef = B6D91D9724487BC900CEA482 /* SceneDelegate.swift */; };
		B6D91D9A24487BC900CEA482 /* ContentView.swift in Sources */ = {isa = PBXBuildFile; fileRef = B6D91D9924487BC900CEA482 /* ContentView.swift */; };
		B6D91D9C24487BCB00CEA482 /* Assets.xcassets in Resources */ = {isa = PBXBuildFile; fileRef = B6D91D9B24487BCB00CEA482 /* Assets.xcassets */; };
		B6D91D9F24487BCB00CEA482 /* Preview Assets.xcassets in Resources */ = {isa = PBXBuildFile; fileRef = B6D91D9E24487BCB00CEA482 /* Preview Assets.xcassets */; };
		B6D91DA224487BCB00CEA482 /* LaunchScreen.storyboard in Resources */ = {isa = PBXBuildFile; fileRef = B6D91DA024487BCB00CEA482 /* LaunchScreen.storyboard */; };
		B6D91DAD24487BCB00CEA482 /* TurboBuyTests.swift in Sources */ = {isa = PBXBuildFile; fileRef = B6D91DAC24487BCB00CEA482 /* TurboBuyTests.swift */; };
		B6D91DB824487BCB00CEA482 /* TurboBuyUITests.swift in Sources */ = {isa = PBXBuildFile; fileRef = B6D91DB724487BCB00CEA482 /* TurboBuyUITests.swift */; };
/* End PBXBuildFile section */

/* Begin PBXContainerItemProxy section */
		B6D91DA924487BCB00CEA482 /* PBXContainerItemProxy */ = {
			isa = PBXContainerItemProxy;
			containerPortal = B6D91D8A24487BC900CEA482 /* Project object */;
			proxyType = 1;
			remoteGlobalIDString = B6D91D9124487BC900CEA482;
			remoteInfo = TurboBuy;
		};
		B6D91DB424487BCB00CEA482 /* PBXContainerItemProxy */ = {
			isa = PBXContainerItemProxy;
			containerPortal = B6D91D8A24487BC900CEA482 /* Project object */;
			proxyType = 1;
			remoteGlobalIDString = B6D91D9124487BC900CEA482;
			remoteInfo = TurboBuy;
		};
/* End PBXContainerItemProxy section */

/* Begin PBXFileReference section */
		B6D91D9224487BC900CEA482 /* TurboBuy.app */ = {isa = PBXFileReference; explicitFileType = wrapper.application; includeInIndex = 0; path = TurboBuy.app; sourceTree = BUILT_PRODUCTS_DIR; };
		B6D91D9524487BC900CEA482 /* AppDelegate.swift */ = {isa = PBXFileReference; lastKnownFileType = sourcecode.swift; path = AppDelegate.swift; sourceTree = "<group>"; };
		B6D91D9724487BC900CEA482 /* SceneDelegate.swift */ = {isa = PBXFileReference; lastKnownFileType = sourcecode.swift; path = SceneDelegate.swift; sourceTree = "<group>"; };
		B6D91D9924487BC900CEA482 /* ContentView.swift */ = {isa = PBXFileReference; lastKnownFileType = sourcecode.swift; path = ContentView.swift; sourceTree = "<group>"; };
		B6D91D9B24487BCB00CEA482 /* Assets.xcassets */ = {isa = PBXFileReference; lastKnownFileType = folder.assetcatalog; path = Assets.xcassets; sourceTree = "<group>"; };
		B6D91D9E24487BCB00CEA482 /* Preview Assets.xcassets */ = {isa = PBXFileReference; lastKnownFileType = folder.assetcatalog; path = "Preview Assets.xcassets"; sourceTree = "<group>"; };
		B6D91DA124487BCB00CEA482 /* Base */ = {isa = PBXFileReference; lastKnownFileType = file.storyboard; name = Base; path = Base.lproj/LaunchScreen.storyboard; sourceTree = "<group>"; };
		B6D91DA324487BCB00CEA482 /* Info.plist */ = {isa = PBXFileReference; lastKnownFileType = text.plist.xml; path = Info.plist; sourceTree = "<group>"; };
		B6D91DA824487BCB00CEA482 /* TurboBuyTests.xctest */ = {isa = PBXFileReference; explicitFileType = wrapper.cfbundle; includeInIndex = 0; path = TurboBuyTests.xctest; sourceTree = BUILT_PRODUCTS_DIR; };
		B6D91DAC24487BCB00CEA482 /* TurboBuyTests.swift */ = {isa = PBXFileReference; lastKnownFileType = sourcecode.swift; path = TurboBuyTests.swift; sourceTree = "<group>"; };
		B6D91DAE24487BCB00CEA482 /* Info.plist */ = {isa = PBXFileReference; lastKnownFileType = text.plist.xml; path = Info.plist; sourceTree = "<group>"; };
		B6D91DB324487BCB00CEA482 /* TurboBuyUITests.xctest */ = {isa = PBXFileReference; explicitFileType = wrapper.cfbundle; includeInIndex = 0; path = TurboBuyUITests.xctest; sourceTree = BUILT_PRODUCTS_DIR; };
		B6D91DB724487BCB00CEA482 /* TurboBuyUITests.swift */ = {isa = PBXFileReference; lastKnownFileType = sourcecode.swift; path = TurboBuyUITests.swift; sourceTree = "<group>"; };
		B6D91DB924487BCB00CEA482 /* Info.plist */ = {isa = PBXFileReference; lastKnownFileType = text.plist.xml; path = Info.plist; sourceTree = "<group>"; };
/* End PBXFileReference section */

/* Begin PBXFrameworksBuildPhase section */
		B6D91D8F24487BC900CEA482 /* Frameworks */ = {
			isa = PBXFrameworksBuildPhase;
			buildActionMask = 2147483647;
			files = (
			);
			runOnlyForDeploymentPostprocessing = 0;
		};
		B6D91DA524487BCB00CEA482 /* Frameworks */ = {
			isa = PBXFrameworksBuildPhase;
			buildActionMask = 2147483647;
			files = (
			);
			runOnlyForDeploymentPostprocessing = 0;
		};
		B6D91DB024487BCB00CEA482 /* Frameworks */ = {
			isa = PBXFrameworksBuildPhase;
			buildActionMask = 2147483647;
			files = (
			);
			runOnlyForDeploymentPostprocessing = 0;
		};
/* End PBXFrameworksBuildPhase section */

/* Begin PBXGroup section */
		B6D91D8924487BC900CEA482 = {
			isa = PBXGroup;
			children = (
				B6D91D9424487BC900CEA482 /* TurboBuy */,
				B6D91DAB24487BCB00CEA482 /* TurboBuyTests */,
				B6D91DB624487BCB00CEA482 /* TurboBuyUITests */,
				B6D91D9324487BC900CEA482 /* Products */,
			);
			sourceTree = "<group>";
		};
		B6D91D9324487BC900CEA482 /* Products */ = {
			isa = PBXGroup;
			children = (
				B6D91D9224487BC900CEA482 /* TurboBuy.app */,
				B6D91DA824487BCB00CEA482 /* TurboBuyTests.xctest */,
				B6D91DB324487BCB00CEA482 /* TurboBuyUITests.xctest */,
			);
			name = Products;
			sourceTree = "<group>";
		};
		B6D91D9424487BC900CEA482 /* TurboBuy */ = {
			isa = PBXGroup;
			children = (
				B6D91D9524487BC900CEA482 /* AppDelegate.swift */,
				B6D91D9724487BC900CEA482 /* SceneDelegate.swift */,
				B6D91D9924487BC900CEA482 /* ContentView.swift */,
				B6D91D9B24487BCB00CEA482 /* Assets.xcassets */,
				B6D91DA024487BCB00CEA482 /* LaunchScreen.storyboard */,
				B6D91DA324487BCB00CEA482 /* Info.plist */,
				B6D91D9D24487BCB00CEA482 /* Preview Content */,
			);
			path = TurboBuy;
			sourceTree = "<group>";
		};
		B6D91D9D24487BCB00CEA482 /* Preview Content */ = {
			isa = PBXGroup;
			children = (
				B6D91D9E24487BCB00CEA482 /* Preview Assets.xcassets */,
			);
			path = "Preview Content";
			sourceTree = "<group>";
		};
		B6D91DAB24487BCB00CEA482 /* TurboBuyTests */ = {
			isa = PBXGroup;
			children = (
				B6D91DAC24487BCB00CEA482 /* TurboBuyTests.swift */,
				B6D91DAE24487BCB00CEA482 /* Info.plist */,
			);
			path = TurboBuyTests;
			sourceTree = "<group>";
		};
		B6D91DB624487BCB00CEA482 /* TurboBuyUITests */ = {
			isa = PBXGroup;
			children = (
				B6D91DB724487BCB00CEA482 /* TurboBuyUITests.swift */,
				B6D91DB924487BCB00CEA482 /* Info.plist */,
			);
			path = TurboBuyUITests;
			sourceTree = "<group>";
		};
/* End PBXGroup section */

/* Begin PBXNativeTarget section */
		B6D91D9124487BC900CEA482 /* TurboBuy */ = {
			isa = PBXNativeTarget;
			buildConfigurationList = B6D91DBC24487BCB00CEA482 /* Build configuration list for PBXNativeTarget "TurboBuy" */;
			buildPhases = (
				B6D91D8E24487BC900CEA482 /* Sources */,
				B6D91D8F24487BC900CEA482 /* Frameworks */,
				B6D91D9024487BC900CEA482 /* Resources */,
			);
			buildRules = (
			);
			dependencies = (
			);
			name = TurboBuy;
			productName = TurboBuy;
			productReference = B6D91D9224487BC900CEA482 /* TurboBuy.app */;
			productType = "com.apple.product-type.application";
		};
		B6D91DA724487BCB00CEA482 /* TurboBuyTests */ = {
			isa = PBXNativeTarget;
			buildConfigurationList = B6D91DBF24487BCB00CEA482 /* Build configuration list for PBXNativeTarget "TurboBuyTests" */;
			buildPhases = (
				B6D91DA424487BCB00CEA482 /* Sources */,
				B6D91DA524487BCB00CEA482 /* Frameworks */,
				B6D91DA624487BCB00CEA482 /* Resources */,
			);
			buildRules = (
			);
			dependencies = (
				B6D91DAA24487BCB00CEA482 /* PBXTargetDependency */,
			);
			name = TurboBuyTests;
			productName = TurboBuyTests;
			productReference = B6D91DA824487BCB00CEA482 /* TurboBuyTests.xctest */;
			productType = "com.apple.product-type.bundle.unit-test";
		};
		B6D91DB224487BCB00CEA482 /* TurboBuyUITests */ = {
			isa = PBXNativeTarget;
			buildConfigurationList = B6D91DC224487BCB00CEA482 /* Build configuration list for PBXNativeTarget "TurboBuyUITests" */;
			buildPhases = (
				B6D91DAF24487BCB00CEA482 /* Sources */,
				B6D91DB024487BCB00CEA482 /* Frameworks */,
				B6D91DB124487BCB00CEA482 /* Resources */,
			);
			buildRules = (
			);
			dependencies = (
				B6D91DB524487BCB00CEA482 /* PBXTargetDependency */,
			);
			name = TurboBuyUITests;
			productName = TurboBuyUITests;
			productReference = B6D91DB324487BCB00CEA482 /* TurboBuyUITests.xctest */;
			productType = "com.apple.product-type.bundle.ui-testing";
		};
/* End PBXNativeTarget section */

/* Begin PBXProject section */
		B6D91D8A24487BC900CEA482 /* Project object */ = {
			isa = PBXProject;
			attributes = {
				LastSwiftUpdateCheck = 1130;
				LastUpgradeCheck = 1130;
				ORGANIZATIONNAME = "Xander Eagle";
				TargetAttributes = {
					B6D91D9124487BC900CEA482 = {
						CreatedOnToolsVersion = 11.3.1;
					};
					B6D91DA724487BCB00CEA482 = {
						CreatedOnToolsVersion = 11.3.1;
						TestTargetID = B6D91D9124487BC900CEA482;
					};
					B6D91DB224487BCB00CEA482 = {
						CreatedOnToolsVersion = 11.3.1;
						TestTargetID = B6D91D9124487BC900CEA482;
					};
				};
			};
			buildConfigurationList = B6D91D8D24487BC900CEA482 /* Build configuration list for PBXProject "TurboBuy" */;
			compatibilityVersion = "Xcode 9.3";
			developmentRegion = en;
			hasScannedForEncodings = 0;
			knownRegions = (
				en,
				Base,
			);
			mainGroup = B6D91D8924487BC900CEA482;
			productRefGroup = B6D91D9324487BC900CEA482 /* Products */;
			projectDirPath = "";
			projectRoot = "";
			targets = (
				B6D91D9124487BC900CEA482 /* TurboBuy */,
				B6D91DA724487BCB00CEA482 /* TurboBuyTests */,
				B6D91DB224487BCB00CEA482 /* TurboBuyUITests */,
			);
		};
/* End PBXProject section */

/* Begin PBXResourcesBuildPhase section */
		B6D91D9024487BC900CEA482 /* Resources */ = {
			isa = PBXResourcesBuildPhase;
			buildActionMask = 2147483647;
			files = (
				B6D91DA224487BCB00CEA482 /* LaunchScreen.storyboard in Resources */,
				B6D91D9F24487BCB00CEA482 /* Preview Assets.xcassets in Resources */,
				B6D91D9C24487BCB00CEA482 /* Assets.xcassets in Resources */,
			);
			runOnlyForDeploymentPostprocessing = 0;
		};
		B6D91DA624487BCB00CEA482 /* Resources */ = {
			isa = PBXResourcesBuildPhase;
			buildActionMask = 2147483647;
			files = (
			);
			runOnlyForDeploymentPostprocessing = 0;
		};
		B6D91DB124487BCB00CEA482 /* Resources */ = {
			isa = PBXResourcesBuildPhase;
			buildActionMask = 2147483647;
			files = (
			);
			runOnlyForDeploymentPostprocessing = 0;
		};
/* End PBXResourcesBuildPhase section */

/* Begin PBXSourcesBuildPhase section */
		B6D91D8E24487BC900CEA482 /* Sources */ = {
			isa = PBXSourcesBuildPhase;
			buildActionMask = 2147483647;
			files = (
				B6D91D9624487BC900CEA482 /* AppDelegate.swift in Sources */,
				B6D91D9824487BC900CEA482 /* SceneDelegate.swift in Sources */,
				B6D91D9A24487BC900CEA482 /* ContentView.swift in Sources */,
			);
			runOnlyForDeploymentPostprocessing = 0;
		};
		B6D91DA424487BCB00CEA482 /* Sources */ = {
			isa = PBXSourcesBuildPhase;
			buildActionMask = 2147483647;
			files = (
				B6D91DAD24487BCB00CEA482 /* TurboBuyTests.swift in Sources */,
			);
			runOnlyForDeploymentPostprocessing = 0;
		};
		B6D91DAF24487BCB00CEA482 /* Sources */ = {
			isa = PBXSourcesBuildPhase;
			buildActionMask = 2147483647;
			files = (
				B6D91DB824487BCB00CEA482 /* TurboBuyUITests.swift in Sources */,
			);
			runOnlyForDeploymentPostprocessing = 0;
		};
/* End PBXSourcesBuildPhase section */

/* Begin PBXTargetDependency section */
		B6D91DAA24487BCB00CEA482 /* PBXTargetDependency */ = {
			isa = PBXTargetDependency;
			target = B6D91D9124487BC900CEA482 /* TurboBuy */;
			targetProxy = B6D91DA924487BCB00CEA482 /* PBXContainerItemProxy */;
		};
		B6D91DB524487BCB00CEA482 /* PBXTargetDependency */ = {
			isa = PBXTargetDependency;
			target = B6D91D9124487BC900CEA482 /* TurboBuy */;
			targetProxy = B6D91DB424487BCB00CEA482 /* PBXContainerItemProxy */;
		};
/* End PBXTargetDependency section */

/* Begin PBXVariantGroup section */
		B6D91DA024487BCB00CEA482 /* LaunchScreen.storyboard */ = {
			isa = PBXVariantGroup;
			children = (
				B6D91DA124487BCB00CEA482 /* Base */,
			);
			name = LaunchScreen.storyboard;
			sourceTree = "<group>";
		};
/* End PBXVariantGroup section */

/* Begin XCBuildConfiguration section */
		B6D91DBA24487BCB00CEA482 /* Debug */ = {
			isa = XCBuildConfiguration;
			buildSettings = {
				ALWAYS_SEARCH_USER_PATHS = NO;
				CLANG_ANALYZER_NONNULL = YES;
				CLANG_ANALYZER_NUMBER_OBJECT_CONVERSION = YES_AGGRESSIVE;
				CLANG_CXX_LANGUAGE_STANDARD = "gnu++14";
				CLANG_CXX_LIBRARY = "libc++";
				CLANG_ENABLE_MODULES = YES;
				CLANG_ENABLE_OBJC_ARC = YES;
				CLANG_ENABLE_OBJC_WEAK = YES;
				CLANG_WARN_BLOCK_CAPTURE_AUTORELEASING = YES;
				CLANG_WARN_BOOL_CONVERSION = YES;
				CLANG_WARN_COMMA = YES;
				CLANG_WARN_CONSTANT_CONVERSION = YES;
				CLANG_WARN_DEPRECATED_OBJC_IMPLEMENTATIONS = YES;
				CLANG_WARN_DIRECT_OBJC_ISA_USAGE = YES_ERROR;
				CLANG_WARN_DOCUMENTATION_COMMENTS = YES;
				CLANG_WARN_EMPTY_BODY = YES;
				CLANG_WARN_ENUM_CONVERSION = YES;
				CLANG_WARN_INFINITE_RECURSION = YES;
				CLANG_WARN_INT_CONVERSION = YES;
				CLANG_WARN_NON_LITERAL_NULL_CONVERSION = YES;
				CLANG_WARN_OBJC_IMPLICIT_RETAIN_SELF = YES;
				CLANG_WARN_OBJC_LITERAL_CONVERSION = YES;
				CLANG_WARN_OBJC_ROOT_CLASS = YES_ERROR;
				CLANG_WARN_RANGE_LOOP_ANALYSIS = YES;
				CLANG_WARN_STRICT_PROTOTYPES = YES;
				CLANG_WARN_SUSPICIOUS_MOVE = YES;
				CLANG_WARN_UNGUARDED_AVAILABILITY = YES_AGGRESSIVE;
				CLANG_WARN_UNREACHABLE_CODE = YES;
				CLANG_WARN__DUPLICATE_METHOD_MATCH = YES;
				COPY_PHASE_STRIP = NO;
				DEBUG_INFORMATION_FORMAT = dwarf;
				ENABLE_STRICT_OBJC_MSGSEND = YES;
				ENABLE_TESTABILITY = YES;
				GCC_C_LANGUAGE_STANDARD = gnu11;
				GCC_DYNAMIC_NO_PIC = NO;
				GCC_NO_COMMON_BLOCKS = YES;
				GCC_OPTIMIZATION_LEVEL = 0;
				GCC_PREPROCESSOR_DEFINITIONS = (
					"DEBUG=1",
					"$(inherited)",
				);
				GCC_WARN_64_TO_32_BIT_CONVERSION = YES;
				GCC_WARN_ABOUT_RETURN_TYPE = YES_ERROR;
				GCC_WARN_UNDECLARED_SELECTOR = YES;
				GCC_WARN_UNINITIALIZED_AUTOS = YES_AGGRESSIVE;
				GCC_WARN_UNUSED_FUNCTION = YES;
				GCC_WARN_UNUSED_VARIABLE = YES;
				IPHONEOS_DEPLOYMENT_TARGET = 13.2;
				MTL_ENABLE_DEBUG_INFO = INCLUDE_SOURCE;
				MTL_FAST_MATH = YES;
				ONLY_ACTIVE_ARCH = YES;
				SDKROOT = iphoneos;
				SWIFT_ACTIVE_COMPILATION_CONDITIONS = DEBUG;
				SWIFT_OPTIMIZATION_LEVEL = "-Onone";
			};
			name = Debug;
		};
		B6D91DBB24487BCB00CEA482 /* Release */ = {
			isa = XCBuildConfiguration;
			buildSettings = {
				ALWAYS_SEARCH_USER_PATHS = NO;
				CLANG_ANALYZER_NONNULL = YES;
				CLANG_ANALYZER_NUMBER_OBJECT_CONVERSION = YES_AGGRESSIVE;
				CLANG_CXX_LANGUAGE_STANDARD = "gnu++14";
				CLANG_CXX_LIBRARY = "libc++";
				CLANG_ENABLE_MODULES = YES;
				CLANG_ENABLE_OBJC_ARC = YES;
				CLANG_ENABLE_OBJC_WEAK = YES;
				CLANG_WARN_BLOCK_CAPTURE_AUTORELEASING = YES;
				CLANG_WARN_BOOL_CONVERSION = YES;
				CLANG_WARN_COMMA = YES;
				CLANG_WARN_CONSTANT_CONVERSION = YES;
				CLANG_WARN_DEPRECATED_OBJC_IMPLEMENTATIONS = YES;
				CLANG_WARN_DIRECT_OBJC_ISA_USAGE = YES_ERROR;
				CLANG_WARN_DOCUMENTATION_COMMENTS = YES;
				CLANG_WARN_EMPTY_BODY = YES;
				CLANG_WARN_ENUM_CONVERSION = YES;
				CLANG_WARN_INFINITE_RECURSION = YES;
				CLANG_WARN_INT_CONVERSION = YES;
				CLANG_WARN_NON_LITERAL_NULL_CONVERSION = YES;
				CLANG_WARN_OBJC_IMPLICIT_RETAIN_SELF = YES;
				CLANG_WARN_OBJC_LITERAL_CONVERSION = YES;
				CLANG_WARN_OBJC_ROOT_CLASS = YES_ERROR;
				CLANG_WARN_RANGE_LOOP_ANALYSIS = YES;
				CLANG_WARN_STRICT_PROTOTYPES = YES;
				CLANG_WARN_SUSPICIOUS_MOVE = YES;
				CLANG_WARN_UNGUARDED_AVAILABILITY = YES_AGGRESSIVE;
				CLANG_WARN_UNREACHABLE_CODE = YES;
				CLANG_WARN__DUPLICATE_METHOD_MATCH = YES;
				COPY_PHASE_STRIP = NO;
				DEBUG_INFORMATION_FORMAT = "dwarf-with-dsym";
				ENABLE_NS_ASSERTIONS = NO;
				ENABLE_STRICT_OBJC_MSGSEND = YES;
				GCC_C_LANGUAGE_STANDARD = gnu11;
				GCC_NO_COMMON_BLOCKS = YES;
				GCC_WARN_64_TO_32_BIT_CONVERSION = YES;
				GCC_WARN_ABOUT_RETURN_TYPE = YES_ERROR;
				GCC_WARN_UNDECLARED_SELECTOR = YES;
				GCC_WARN_UNINITIALIZED_AUTOS = YES_AGGRESSIVE;
				GCC_WARN_UNUSED_FUNCTION = YES;
				GCC_WARN_UNUSED_VARIABLE = YES;
				IPHONEOS_DEPLOYMENT_TARGET = 13.2;
				MTL_ENABLE_DEBUG_INFO = NO;
				MTL_FAST_MATH = YES;
				SDKROOT = iphoneos;
				SWIFT_COMPILATION_MODE = wholemodule;
				SWIFT_OPTIMIZATION_LEVEL = "-O";
				VALIDATE_PRODUCT = YES;
			};
			name = Release;
		};
		B6D91DBD24487BCB00CEA482 /* Debug */ = {
			isa = XCBuildConfiguration;
			buildSettings = {
				ASSETCATALOG_COMPILER_APPICON_NAME = AppIcon;
				CODE_SIGN_STYLE = Automatic;
				DEVELOPMENT_ASSET_PATHS = "\"TurboBuy/Preview Content\"";
				ENABLE_PREVIEWS = YES;
				INFOPLIST_FILE = TurboBuy/Info.plist;
				LD_RUNPATH_SEARCH_PATHS = (
					"$(inherited)",
					"@executable_path/Frameworks",
				);
				PRODUCT_BUNDLE_IDENTIFIER = Xeebs.TurboBuy;
				PRODUCT_NAME = "$(TARGET_NAME)";
				SWIFT_VERSION = 5.0;
				TARGETED_DEVICE_FAMILY = "1,2";
			};
			name = Debug;
		};
		B6D91DBE24487BCB00CEA482 /* Release */ = {
			isa = XCBuildConfiguration;
			buildSettings = {
				ASSETCATALOG_COMPILER_APPICON_NAME = AppIcon;
				CODE_SIGN_STYLE = Automatic;
				DEVELOPMENT_ASSET_PATHS = "\"TurboBuy/Preview Content\"";
				ENABLE_PREVIEWS = YES;
				INFOPLIST_FILE = TurboBuy/Info.plist;
				LD_RUNPATH_SEARCH_PATHS = (
					"$(inherited)",
					"@executable_path/Frameworks",
				);
				PRODUCT_BUNDLE_IDENTIFIER = Xeebs.TurboBuy;
				PRODUCT_NAME = "$(TARGET_NAME)";
				SWIFT_VERSION = 5.0;
				TARGETED_DEVICE_FAMILY = "1,2";
			};
			name = Release;
		};
		B6D91DC024487BCB00CEA482 /* Debug */ = {
			isa = XCBuildConfiguration;
			buildSettings = {
				ALWAYS_EMBED_SWIFT_STANDARD_LIBRARIES = YES;
				BUNDLE_LOADER = "$(TEST_HOST)";
				CODE_SIGN_STYLE = Automatic;
				INFOPLIST_FILE = TurboBuyTests/Info.plist;
				IPHONEOS_DEPLOYMENT_TARGET = 13.2;
				LD_RUNPATH_SEARCH_PATHS = (
					"$(inherited)",
					"@executable_path/Frameworks",
					"@loader_path/Frameworks",
				);
				PRODUCT_BUNDLE_IDENTIFIER = Xeebs.TurboBuyTests;
				PRODUCT_NAME = "$(TARGET_NAME)";
				SWIFT_VERSION = 5.0;
				TARGETED_DEVICE_FAMILY = "1,2";
				TEST_HOST = "$(BUILT_PRODUCTS_DIR)/TurboBuy.app/TurboBuy";
			};
			name = Debug;
		};
		B6D91DC124487BCB00CEA482 /* Release */ = {
			isa = XCBuildConfiguration;
			buildSettings = {
				ALWAYS_EMBED_SWIFT_STANDARD_LIBRARIES = YES;
				BUNDLE_LOADER = "$(TEST_HOST)";
				CODE_SIGN_STYLE = Automatic;
				INFOPLIST_FILE = TurboBuyTests/Info.plist;
				IPHONEOS_DEPLOYMENT_TARGET = 13.2;
				LD_RUNPATH_SEARCH_PATHS = (
					"$(inherited)",
					"@executable_path/Frameworks",
					"@loader_path/Frameworks",
				);
				PRODUCT_BUNDLE_IDENTIFIER = Xeebs.TurboBuyTests;
				PRODUCT_NAME = "$(TARGET_NAME)";
				SWIFT_VERSION = 5.0;
				TARGETED_DEVICE_FAMILY = "1,2";
				TEST_HOST = "$(BUILT_PRODUCTS_DIR)/TurboBuy.app/TurboBuy";
			};
			name = Release;
		};
		B6D91DC324487BCB00CEA482 /* Debug */ = {
			isa = XCBuildConfiguration;
			buildSettings = {
				ALWAYS_EMBED_SWIFT_STANDARD_LIBRARIES = YES;
				CODE_SIGN_STYLE = Automatic;
				INFOPLIST_FILE = TurboBuyUITests/Info.plist;
				LD_RUNPATH_SEARCH_PATHS = (
					"$(inherited)",
					"@executable_path/Frameworks",
					"@loader_path/Frameworks",
				);
				PRODUCT_BUNDLE_IDENTIFIER = Xeebs.TurboBuyUITests;
				PRODUCT_NAME = "$(TARGET_NAME)";
				SWIFT_VERSION = 5.0;
				TARGETED_DEVICE_FAMILY = "1,2";
				TEST_TARGET_NAME = TurboBuy;
			};
			name = Debug;
		};
		B6D91DC424487BCB00CEA482 /* Release */ = {
			isa = XCBuildConfiguration;
			buildSettings = {
				ALWAYS_EMBED_SWIFT_STANDARD_LIBRARIES = YES;
				CODE_SIGN_STYLE = Automatic;
				INFOPLIST_FILE = TurboBuyUITests/Info.plist;
				LD_RUNPATH_SEARCH_PATHS = (
					"$(inherited)",
					"@executable_path/Frameworks",
					"@loader_path/Frameworks",
				);
				PRODUCT_BUNDLE_IDENTIFIER = Xeebs.TurboBuyUITests;
				PRODUCT_NAME = "$(TARGET_NAME)";
				SWIFT_VERSION = 5.0;
				TARGETED_DEVICE_FAMILY = "1,2";
				TEST_TARGET_NAME = TurboBuy;
			};
			name = Release;
		};
/* End XCBuildConfiguration section */

/* Begin XCConfigurationList section */
		B6D91D8D24487BC900CEA482 /* Build configuration list for PBXProject "TurboBuy" */ = {
			isa = XCConfigurationList;
			buildConfigurations = (
				B6D91DBA24487BCB00CEA482 /* Debug */,
				B6D91DBB24487BCB00CEA482 /* Release */,
			);
			defaultConfigurationIsVisible = 0;
			defaultConfigurationName = Release;
		};
		B6D91DBC24487BCB00CEA482 /* Build configuration list for PBXNativeTarget "TurboBuy" */ = {
			isa = XCConfigurationList;
			buildConfigurations = (
				B6D91DBD24487BCB00CEA482 /* Debug */,
				B6D91DBE24487BCB00CEA482 /* Release */,
			);
			defaultConfigurationIsVisible = 0;
			defaultConfigurationName = Release;
		};
		B6D91DBF24487BCB00CEA482 /* Build configuration list for PBXNativeTarget "TurboBuyTests" */ = {
			isa = XCConfigurationList;
			buildConfigurations = (
				B6D91DC024487BCB00CEA482 /* Debug */,
				B6D91DC124487BCB00CEA482 /* Release */,
			);
			defaultConfigurationIsVisible = 0;
			defaultConfigurationName = Release;
		};
		B6D91DC224487BCB00CEA482 /* Build configuration list for PBXNativeTarget "TurboBuyUITests" */ = {
			isa = XCConfigurationList;
			buildConfigurations = (
				B6D91DC324487BCB00CEA482 /* Debug */,
				B6D91DC424487BCB00CEA482 /* Release */,
			);
			defaultConfigurationIsVisible = 0;
			defaultConfigurationName = Release;
		};
/* End XCConfigurationList section */
	};
	rootObject = B6D91D8A24487BC900CEA482 /* Project object */;
}
