// !$*UTF8*$!
{
	archiveVersion = 1;
	classes = {
	};
	objectVersion = 50;
	objects = {

/* Begin PBXBuildFile section */
		B648C56A243BA91200B4BCB5 /* AppDelegate.swift in Sources */ = {isa = PBXBuildFile; fileRef = B648C569243BA91200B4BCB5 /* AppDelegate.swift */; };
		B648C56C243BA91200B4BCB5 /* SceneDelegate.swift in Sources */ = {isa = PBXBuildFile; fileRef = B648C56B243BA91200B4BCB5 /* SceneDelegate.swift */; };
		B648C56E243BA91200B4BCB5 /* ContentView.swift in Sources */ = {isa = PBXBuildFile; fileRef = B648C56D243BA91200B4BCB5 /* ContentView.swift */; };
		B648C570243BA91400B4BCB5 /* Assets.xcassets in Resources */ = {isa = PBXBuildFile; fileRef = B648C56F243BA91400B4BCB5 /* Assets.xcassets */; };
		B648C573243BA91400B4BCB5 /* Preview Assets.xcassets in Resources */ = {isa = PBXBuildFile; fileRef = B648C572243BA91400B4BCB5 /* Preview Assets.xcassets */; };
		B648C576243BA91400B4BCB5 /* LaunchScreen.storyboard in Resources */ = {isa = PBXBuildFile; fileRef = B648C574243BA91400B4BCB5 /* LaunchScreen.storyboard */; };
		B648C581243BA91500B4BCB5 /* Emoji_DictionaryTests.swift in Sources */ = {isa = PBXBuildFile; fileRef = B648C580243BA91500B4BCB5 /* Emoji_DictionaryTests.swift */; };
		B648C58C243BA91500B4BCB5 /* Emoji_DictionaryUITests.swift in Sources */ = {isa = PBXBuildFile; fileRef = B648C58B243BA91500B4BCB5 /* Emoji_DictionaryUITests.swift */; };
/* End PBXBuildFile section */

/* Begin PBXContainerItemProxy section */
		B648C57D243BA91500B4BCB5 /* PBXContainerItemProxy */ = {
			isa = PBXContainerItemProxy;
			containerPortal = B648C55E243BA91200B4BCB5 /* Project object */;
			proxyType = 1;
			remoteGlobalIDString = B648C565243BA91200B4BCB5;
			remoteInfo = "Emoji Dictionary";
		};
		B648C588243BA91500B4BCB5 /* PBXContainerItemProxy */ = {
			isa = PBXContainerItemProxy;
			containerPortal = B648C55E243BA91200B4BCB5 /* Project object */;
			proxyType = 1;
			remoteGlobalIDString = B648C565243BA91200B4BCB5;
			remoteInfo = "Emoji Dictionary";
		};
/* End PBXContainerItemProxy section */

/* Begin PBXFileReference section */
		B648C566243BA91200B4BCB5 /* Emoji Dictionary.app */ = {isa = PBXFileReference; explicitFileType = wrapper.application; includeInIndex = 0; path = "Emoji Dictionary.app"; sourceTree = BUILT_PRODUCTS_DIR; };
		B648C569243BA91200B4BCB5 /* AppDelegate.swift */ = {isa = PBXFileReference; lastKnownFileType = sourcecode.swift; path = AppDelegate.swift; sourceTree = "<group>"; };
		B648C56B243BA91200B4BCB5 /* SceneDelegate.swift */ = {isa = PBXFileReference; lastKnownFileType = sourcecode.swift; path = SceneDelegate.swift; sourceTree = "<group>"; };
		B648C56D243BA91200B4BCB5 /* ContentView.swift */ = {isa = PBXFileReference; lastKnownFileType = sourcecode.swift; path = ContentView.swift; sourceTree = "<group>"; };
		B648C56F243BA91400B4BCB5 /* Assets.xcassets */ = {isa = PBXFileReference; lastKnownFileType = folder.assetcatalog; path = Assets.xcassets; sourceTree = "<group>"; };
		B648C572243BA91400B4BCB5 /* Preview Assets.xcassets */ = {isa = PBXFileReference; lastKnownFileType = folder.assetcatalog; path = "Preview Assets.xcassets"; sourceTree = "<group>"; };
		B648C575243BA91400B4BCB5 /* Base */ = {isa = PBXFileReference; lastKnownFileType = file.storyboard; name = Base; path = Base.lproj/LaunchScreen.storyboard; sourceTree = "<group>"; };
		B648C577243BA91400B4BCB5 /* Info.plist */ = {isa = PBXFileReference; lastKnownFileType = text.plist.xml; path = Info.plist; sourceTree = "<group>"; };
		B648C57C243BA91500B4BCB5 /* Emoji DictionaryTests.xctest */ = {isa = PBXFileReference; explicitFileType = wrapper.cfbundle; includeInIndex = 0; path = "Emoji DictionaryTests.xctest"; sourceTree = BUILT_PRODUCTS_DIR; };
		B648C580243BA91500B4BCB5 /* Emoji_DictionaryTests.swift */ = {isa = PBXFileReference; lastKnownFileType = sourcecode.swift; path = Emoji_DictionaryTests.swift; sourceTree = "<group>"; };
		B648C582243BA91500B4BCB5 /* Info.plist */ = {isa = PBXFileReference; lastKnownFileType = text.plist.xml; path = Info.plist; sourceTree = "<group>"; };
		B648C587243BA91500B4BCB5 /* Emoji DictionaryUITests.xctest */ = {isa = PBXFileReference; explicitFileType = wrapper.cfbundle; includeInIndex = 0; path = "Emoji DictionaryUITests.xctest"; sourceTree = BUILT_PRODUCTS_DIR; };
		B648C58B243BA91500B4BCB5 /* Emoji_DictionaryUITests.swift */ = {isa = PBXFileReference; lastKnownFileType = sourcecode.swift; path = Emoji_DictionaryUITests.swift; sourceTree = "<group>"; };
		B648C58D243BA91500B4BCB5 /* Info.plist */ = {isa = PBXFileReference; lastKnownFileType = text.plist.xml; path = Info.plist; sourceTree = "<group>"; };
/* End PBXFileReference section */

/* Begin PBXFrameworksBuildPhase section */
		B648C563243BA91200B4BCB5 /* Frameworks */ = {
			isa = PBXFrameworksBuildPhase;
			buildActionMask = 2147483647;
			files = (
			);
			runOnlyForDeploymentPostprocessing = 0;
		};
		B648C579243BA91500B4BCB5 /* Frameworks */ = {
			isa = PBXFrameworksBuildPhase;
			buildActionMask = 2147483647;
			files = (
			);
			runOnlyForDeploymentPostprocessing = 0;
		};
		B648C584243BA91500B4BCB5 /* Frameworks */ = {
			isa = PBXFrameworksBuildPhase;
			buildActionMask = 2147483647;
			files = (
			);
			runOnlyForDeploymentPostprocessing = 0;
		};
/* End PBXFrameworksBuildPhase section */

/* Begin PBXGroup section */
		B648C55D243BA91100B4BCB5 = {
			isa = PBXGroup;
			children = (
				B648C568243BA91200B4BCB5 /* Emoji Dictionary */,
				B648C57F243BA91500B4BCB5 /* Emoji DictionaryTests */,
				B648C58A243BA91500B4BCB5 /* Emoji DictionaryUITests */,
				B648C567243BA91200B4BCB5 /* Products */,
			);
			sourceTree = "<group>";
		};
		B648C567243BA91200B4BCB5 /* Products */ = {
			isa = PBXGroup;
			children = (
				B648C566243BA91200B4BCB5 /* Emoji Dictionary.app */,
				B648C57C243BA91500B4BCB5 /* Emoji DictionaryTests.xctest */,
				B648C587243BA91500B4BCB5 /* Emoji DictionaryUITests.xctest */,
			);
			name = Products;
			sourceTree = "<group>";
		};
		B648C568243BA91200B4BCB5 /* Emoji Dictionary */ = {
			isa = PBXGroup;
			children = (
				B648C569243BA91200B4BCB5 /* AppDelegate.swift */,
				B648C56B243BA91200B4BCB5 /* SceneDelegate.swift */,
				B648C56D243BA91200B4BCB5 /* ContentView.swift */,
				B648C56F243BA91400B4BCB5 /* Assets.xcassets */,
				B648C574243BA91400B4BCB5 /* LaunchScreen.storyboard */,
				B648C577243BA91400B4BCB5 /* Info.plist */,
				B648C571243BA91400B4BCB5 /* Preview Content */,
			);
			path = "Emoji Dictionary";
			sourceTree = "<group>";
		};
		B648C571243BA91400B4BCB5 /* Preview Content */ = {
			isa = PBXGroup;
			children = (
				B648C572243BA91400B4BCB5 /* Preview Assets.xcassets */,
			);
			path = "Preview Content";
			sourceTree = "<group>";
		};
		B648C57F243BA91500B4BCB5 /* Emoji DictionaryTests */ = {
			isa = PBXGroup;
			children = (
				B648C580243BA91500B4BCB5 /* Emoji_DictionaryTests.swift */,
				B648C582243BA91500B4BCB5 /* Info.plist */,
			);
			path = "Emoji DictionaryTests";
			sourceTree = "<group>";
		};
		B648C58A243BA91500B4BCB5 /* Emoji DictionaryUITests */ = {
			isa = PBXGroup;
			children = (
				B648C58B243BA91500B4BCB5 /* Emoji_DictionaryUITests.swift */,
				B648C58D243BA91500B4BCB5 /* Info.plist */,
			);
			path = "Emoji DictionaryUITests";
			sourceTree = "<group>";
		};
/* End PBXGroup section */

/* Begin PBXNativeTarget section */
		B648C565243BA91200B4BCB5 /* Emoji Dictionary */ = {
			isa = PBXNativeTarget;
			buildConfigurationList = B648C590243BA91500B4BCB5 /* Build configuration list for PBXNativeTarget "Emoji Dictionary" */;
			buildPhases = (
				B648C562243BA91200B4BCB5 /* Sources */,
				B648C563243BA91200B4BCB5 /* Frameworks */,
				B648C564243BA91200B4BCB5 /* Resources */,
			);
			buildRules = (
			);
			dependencies = (
			);
			name = "Emoji Dictionary";
			productName = "Emoji Dictionary";
			productReference = B648C566243BA91200B4BCB5 /* Emoji Dictionary.app */;
			productType = "com.apple.product-type.application";
		};
		B648C57B243BA91500B4BCB5 /* Emoji DictionaryTests */ = {
			isa = PBXNativeTarget;
			buildConfigurationList = B648C593243BA91500B4BCB5 /* Build configuration list for PBXNativeTarget "Emoji DictionaryTests" */;
			buildPhases = (
				B648C578243BA91500B4BCB5 /* Sources */,
				B648C579243BA91500B4BCB5 /* Frameworks */,
				B648C57A243BA91500B4BCB5 /* Resources */,
			);
			buildRules = (
			);
			dependencies = (
				B648C57E243BA91500B4BCB5 /* PBXTargetDependency */,
			);
			name = "Emoji DictionaryTests";
			productName = "Emoji DictionaryTests";
			productReference = B648C57C243BA91500B4BCB5 /* Emoji DictionaryTests.xctest */;
			productType = "com.apple.product-type.bundle.unit-test";
		};
		B648C586243BA91500B4BCB5 /* Emoji DictionaryUITests */ = {
			isa = PBXNativeTarget;
			buildConfigurationList = B648C596243BA91500B4BCB5 /* Build configuration list for PBXNativeTarget "Emoji DictionaryUITests" */;
			buildPhases = (
				B648C583243BA91500B4BCB5 /* Sources */,
				B648C584243BA91500B4BCB5 /* Frameworks */,
				B648C585243BA91500B4BCB5 /* Resources */,
			);
			buildRules = (
			);
			dependencies = (
				B648C589243BA91500B4BCB5 /* PBXTargetDependency */,
			);
			name = "Emoji DictionaryUITests";
			productName = "Emoji DictionaryUITests";
			productReference = B648C587243BA91500B4BCB5 /* Emoji DictionaryUITests.xctest */;
			productType = "com.apple.product-type.bundle.ui-testing";
		};
/* End PBXNativeTarget section */

/* Begin PBXProject section */
		B648C55E243BA91200B4BCB5 /* Project object */ = {
			isa = PBXProject;
			attributes = {
				LastSwiftUpdateCheck = 1130;
				LastUpgradeCheck = 1130;
				ORGANIZATIONNAME = "Xander Eagle";
				TargetAttributes = {
					B648C565243BA91200B4BCB5 = {
						CreatedOnToolsVersion = 11.3.1;
					};
					B648C57B243BA91500B4BCB5 = {
						CreatedOnToolsVersion = 11.3.1;
						TestTargetID = B648C565243BA91200B4BCB5;
					};
					B648C586243BA91500B4BCB5 = {
						CreatedOnToolsVersion = 11.3.1;
						TestTargetID = B648C565243BA91200B4BCB5;
					};
				};
			};
			buildConfigurationList = B648C561243BA91200B4BCB5 /* Build configuration list for PBXProject "Emoji Dictionary" */;
			compatibilityVersion = "Xcode 9.3";
			developmentRegion = en;
			hasScannedForEncodings = 0;
			knownRegions = (
				en,
				Base,
			);
			mainGroup = B648C55D243BA91100B4BCB5;
			productRefGroup = B648C567243BA91200B4BCB5 /* Products */;
			projectDirPath = "";
			projectRoot = "";
			targets = (
				B648C565243BA91200B4BCB5 /* Emoji Dictionary */,
				B648C57B243BA91500B4BCB5 /* Emoji DictionaryTests */,
				B648C586243BA91500B4BCB5 /* Emoji DictionaryUITests */,
			);
		};
/* End PBXProject section */

/* Begin PBXResourcesBuildPhase section */
		B648C564243BA91200B4BCB5 /* Resources */ = {
			isa = PBXResourcesBuildPhase;
			buildActionMask = 2147483647;
			files = (
				B648C576243BA91400B4BCB5 /* LaunchScreen.storyboard in Resources */,
				B648C573243BA91400B4BCB5 /* Preview Assets.xcassets in Resources */,
				B648C570243BA91400B4BCB5 /* Assets.xcassets in Resources */,
			);
			runOnlyForDeploymentPostprocessing = 0;
		};
		B648C57A243BA91500B4BCB5 /* Resources */ = {
			isa = PBXResourcesBuildPhase;
			buildActionMask = 2147483647;
			files = (
			);
			runOnlyForDeploymentPostprocessing = 0;
		};
		B648C585243BA91500B4BCB5 /* Resources */ = {
			isa = PBXResourcesBuildPhase;
			buildActionMask = 2147483647;
			files = (
			);
			runOnlyForDeploymentPostprocessing = 0;
		};
/* End PBXResourcesBuildPhase section */

/* Begin PBXSourcesBuildPhase section */
		B648C562243BA91200B4BCB5 /* Sources */ = {
			isa = PBXSourcesBuildPhase;
			buildActionMask = 2147483647;
			files = (
				B648C56A243BA91200B4BCB5 /* AppDelegate.swift in Sources */,
				B648C56C243BA91200B4BCB5 /* SceneDelegate.swift in Sources */,
				B648C56E243BA91200B4BCB5 /* ContentView.swift in Sources */,
			);
			runOnlyForDeploymentPostprocessing = 0;
		};
		B648C578243BA91500B4BCB5 /* Sources */ = {
			isa = PBXSourcesBuildPhase;
			buildActionMask = 2147483647;
			files = (
				B648C581243BA91500B4BCB5 /* Emoji_DictionaryTests.swift in Sources */,
			);
			runOnlyForDeploymentPostprocessing = 0;
		};
		B648C583243BA91500B4BCB5 /* Sources */ = {
			isa = PBXSourcesBuildPhase;
			buildActionMask = 2147483647;
			files = (
				B648C58C243BA91500B4BCB5 /* Emoji_DictionaryUITests.swift in Sources */,
			);
			runOnlyForDeploymentPostprocessing = 0;
		};
/* End PBXSourcesBuildPhase section */

/* Begin PBXTargetDependency section */
		B648C57E243BA91500B4BCB5 /* PBXTargetDependency */ = {
			isa = PBXTargetDependency;
			target = B648C565243BA91200B4BCB5 /* Emoji Dictionary */;
			targetProxy = B648C57D243BA91500B4BCB5 /* PBXContainerItemProxy */;
		};
		B648C589243BA91500B4BCB5 /* PBXTargetDependency */ = {
			isa = PBXTargetDependency;
			target = B648C565243BA91200B4BCB5 /* Emoji Dictionary */;
			targetProxy = B648C588243BA91500B4BCB5 /* PBXContainerItemProxy */;
		};
/* End PBXTargetDependency section */

/* Begin PBXVariantGroup section */
		B648C574243BA91400B4BCB5 /* LaunchScreen.storyboard */ = {
			isa = PBXVariantGroup;
			children = (
				B648C575243BA91400B4BCB5 /* Base */,
			);
			name = LaunchScreen.storyboard;
			sourceTree = "<group>";
		};
/* End PBXVariantGroup section */

/* Begin XCBuildConfiguration section */
		B648C58E243BA91500B4BCB5 /* Debug */ = {
			isa = XCBuildConfiguration;
			buildSettings = {
				ALWAYS_SEARCH_USER_PATHS = NO;
				CLANG_ANALYZER_NONNULL = YES;
				CLANG_ANALYZER_NUMBER_OBJECT_CONVERSION = YES_AGGRESSIVE;
				CLANG_CXX_LANGUAGE_STANDARD = "gnu++14";
				CLANG_CXX_LIBRARY = "libc++";
				CLANG_ENABLE_MODULES = YES;
				CLANG_ENABLE_OBJC_ARC = YES;
				CLANG_ENABLE_OBJC_WEAK = YES;
				CLANG_WARN_BLOCK_CAPTURE_AUTORELEASING = YES;
				CLANG_WARN_BOOL_CONVERSION = YES;
				CLANG_WARN_COMMA = YES;
				CLANG_WARN_CONSTANT_CONVERSION = YES;
				CLANG_WARN_DEPRECATED_OBJC_IMPLEMENTATIONS = YES;
				CLANG_WARN_DIRECT_OBJC_ISA_USAGE = YES_ERROR;
				CLANG_WARN_DOCUMENTATION_COMMENTS = YES;
				CLANG_WARN_EMPTY_BODY = YES;
				CLANG_WARN_ENUM_CONVERSION = YES;
				CLANG_WARN_INFINITE_RECURSION = YES;
				CLANG_WARN_INT_CONVERSION = YES;
				CLANG_WARN_NON_LITERAL_NULL_CONVERSION = YES;
				CLANG_WARN_OBJC_IMPLICIT_RETAIN_SELF = YES;
				CLANG_WARN_OBJC_LITERAL_CONVERSION = YES;
				CLANG_WARN_OBJC_ROOT_CLASS = YES_ERROR;
				CLANG_WARN_RANGE_LOOP_ANALYSIS = YES;
				CLANG_WARN_STRICT_PROTOTYPES = YES;
				CLANG_WARN_SUSPICIOUS_MOVE = YES;
				CLANG_WARN_UNGUARDED_AVAILABILITY = YES_AGGRESSIVE;
				CLANG_WARN_UNREACHABLE_CODE = YES;
				CLANG_WARN__DUPLICATE_METHOD_MATCH = YES;
				COPY_PHASE_STRIP = NO;
				DEBUG_INFORMATION_FORMAT = dwarf;
				ENABLE_STRICT_OBJC_MSGSEND = YES;
				ENABLE_TESTABILITY = YES;
				GCC_C_LANGUAGE_STANDARD = gnu11;
				GCC_DYNAMIC_NO_PIC = NO;
				GCC_NO_COMMON_BLOCKS = YES;
				GCC_OPTIMIZATION_LEVEL = 0;
				GCC_PREPROCESSOR_DEFINITIONS = (
					"DEBUG=1",
					"$(inherited)",
				);
				GCC_WARN_64_TO_32_BIT_CONVERSION = YES;
				GCC_WARN_ABOUT_RETURN_TYPE = YES_ERROR;
				GCC_WARN_UNDECLARED_SELECTOR = YES;
				GCC_WARN_UNINITIALIZED_AUTOS = YES_AGGRESSIVE;
				GCC_WARN_UNUSED_FUNCTION = YES;
				GCC_WARN_UNUSED_VARIABLE = YES;
				IPHONEOS_DEPLOYMENT_TARGET = 13.2;
				MTL_ENABLE_DEBUG_INFO = INCLUDE_SOURCE;
				MTL_FAST_MATH = YES;
				ONLY_ACTIVE_ARCH = YES;
				SDKROOT = iphoneos;
				SWIFT_ACTIVE_COMPILATION_CONDITIONS = DEBUG;
				SWIFT_OPTIMIZATION_LEVEL = "-Onone";
			};
			name = Debug;
		};
		B648C58F243BA91500B4BCB5 /* Release */ = {
			isa = XCBuildConfiguration;
			buildSettings = {
				ALWAYS_SEARCH_USER_PATHS = NO;
				CLANG_ANALYZER_NONNULL = YES;
				CLANG_ANALYZER_NUMBER_OBJECT_CONVERSION = YES_AGGRESSIVE;
				CLANG_CXX_LANGUAGE_STANDARD = "gnu++14";
				CLANG_CXX_LIBRARY = "libc++";
				CLANG_ENABLE_MODULES = YES;
				CLANG_ENABLE_OBJC_ARC = YES;
				CLANG_ENABLE_OBJC_WEAK = YES;
				CLANG_WARN_BLOCK_CAPTURE_AUTORELEASING = YES;
				CLANG_WARN_BOOL_CONVERSION = YES;
				CLANG_WARN_COMMA = YES;
				CLANG_WARN_CONSTANT_CONVERSION = YES;
				CLANG_WARN_DEPRECATED_OBJC_IMPLEMENTATIONS = YES;
				CLANG_WARN_DIRECT_OBJC_ISA_USAGE = YES_ERROR;
				CLANG_WARN_DOCUMENTATION_COMMENTS = YES;
				CLANG_WARN_EMPTY_BODY = YES;
				CLANG_WARN_ENUM_CONVERSION = YES;
				CLANG_WARN_INFINITE_RECURSION = YES;
				CLANG_WARN_INT_CONVERSION = YES;
				CLANG_WARN_NON_LITERAL_NULL_CONVERSION = YES;
				CLANG_WARN_OBJC_IMPLICIT_RETAIN_SELF = YES;
				CLANG_WARN_OBJC_LITERAL_CONVERSION = YES;
				CLANG_WARN_OBJC_ROOT_CLASS = YES_ERROR;
				CLANG_WARN_RANGE_LOOP_ANALYSIS = YES;
				CLANG_WARN_STRICT_PROTOTYPES = YES;
				CLANG_WARN_SUSPICIOUS_MOVE = YES;
				CLANG_WARN_UNGUARDED_AVAILABILITY = YES_AGGRESSIVE;
				CLANG_WARN_UNREACHABLE_CODE = YES;
				CLANG_WARN__DUPLICATE_METHOD_MATCH = YES;
				COPY_PHASE_STRIP = NO;
				DEBUG_INFORMATION_FORMAT = "dwarf-with-dsym";
				ENABLE_NS_ASSERTIONS = NO;
				ENABLE_STRICT_OBJC_MSGSEND = YES;
				GCC_C_LANGUAGE_STANDARD = gnu11;
				GCC_NO_COMMON_BLOCKS = YES;
				GCC_WARN_64_TO_32_BIT_CONVERSION = YES;
				GCC_WARN_ABOUT_RETURN_TYPE = YES_ERROR;
				GCC_WARN_UNDECLARED_SELECTOR = YES;
				GCC_WARN_UNINITIALIZED_AUTOS = YES_AGGRESSIVE;
				GCC_WARN_UNUSED_FUNCTION = YES;
				GCC_WARN_UNUSED_VARIABLE = YES;
				IPHONEOS_DEPLOYMENT_TARGET = 13.2;
				MTL_ENABLE_DEBUG_INFO = NO;
				MTL_FAST_MATH = YES;
				SDKROOT = iphoneos;
				SWIFT_COMPILATION_MODE = wholemodule;
				SWIFT_OPTIMIZATION_LEVEL = "-O";
				VALIDATE_PRODUCT = YES;
			};
			name = Release;
		};
		B648C591243BA91500B4BCB5 /* Debug */ = {
			isa = XCBuildConfiguration;
			buildSettings = {
				ASSETCATALOG_COMPILER_APPICON_NAME = AppIcon;
				CODE_SIGN_STYLE = Automatic;
				DEVELOPMENT_ASSET_PATHS = "\"Emoji Dictionary/Preview Content\"";
				ENABLE_PREVIEWS = YES;
				INFOPLIST_FILE = "Emoji Dictionary/Info.plist";
				LD_RUNPATH_SEARCH_PATHS = (
					"$(inherited)",
					"@executable_path/Frameworks",
				);
				PRODUCT_BUNDLE_IDENTIFIER = "Xeebs.Emoji-Dictionary";
				PRODUCT_NAME = "$(TARGET_NAME)";
				SWIFT_VERSION = 5.0;
				TARGETED_DEVICE_FAMILY = "1,2";
			};
			name = Debug;
		};
		B648C592243BA91500B4BCB5 /* Release */ = {
			isa = XCBuildConfiguration;
			buildSettings = {
				ASSETCATALOG_COMPILER_APPICON_NAME = AppIcon;
				CODE_SIGN_STYLE = Automatic;
				DEVELOPMENT_ASSET_PATHS = "\"Emoji Dictionary/Preview Content\"";
				ENABLE_PREVIEWS = YES;
				INFOPLIST_FILE = "Emoji Dictionary/Info.plist";
				LD_RUNPATH_SEARCH_PATHS = (
					"$(inherited)",
					"@executable_path/Frameworks",
				);
				PRODUCT_BUNDLE_IDENTIFIER = "Xeebs.Emoji-Dictionary";
				PRODUCT_NAME = "$(TARGET_NAME)";
				SWIFT_VERSION = 5.0;
				TARGETED_DEVICE_FAMILY = "1,2";
			};
			name = Release;
		};
		B648C594243BA91500B4BCB5 /* Debug */ = {
			isa = XCBuildConfiguration;
			buildSettings = {
				ALWAYS_EMBED_SWIFT_STANDARD_LIBRARIES = YES;
				BUNDLE_LOADER = "$(TEST_HOST)";
				CODE_SIGN_STYLE = Automatic;
				INFOPLIST_FILE = "Emoji DictionaryTests/Info.plist";
				IPHONEOS_DEPLOYMENT_TARGET = 13.2;
				LD_RUNPATH_SEARCH_PATHS = (
					"$(inherited)",
					"@executable_path/Frameworks",
					"@loader_path/Frameworks",
				);
				PRODUCT_BUNDLE_IDENTIFIER = "Xeebs.Emoji-DictionaryTests";
				PRODUCT_NAME = "$(TARGET_NAME)";
				SWIFT_VERSION = 5.0;
				TARGETED_DEVICE_FAMILY = "1,2";
				TEST_HOST = "$(BUILT_PRODUCTS_DIR)/Emoji Dictionary.app/Emoji Dictionary";
			};
			name = Debug;
		};
		B648C595243BA91500B4BCB5 /* Release */ = {
			isa = XCBuildConfiguration;
			buildSettings = {
				ALWAYS_EMBED_SWIFT_STANDARD_LIBRARIES = YES;
				BUNDLE_LOADER = "$(TEST_HOST)";
				CODE_SIGN_STYLE = Automatic;
				INFOPLIST_FILE = "Emoji DictionaryTests/Info.plist";
				IPHONEOS_DEPLOYMENT_TARGET = 13.2;
				LD_RUNPATH_SEARCH_PATHS = (
					"$(inherited)",
					"@executable_path/Frameworks",
					"@loader_path/Frameworks",
				);
				PRODUCT_BUNDLE_IDENTIFIER = "Xeebs.Emoji-DictionaryTests";
				PRODUCT_NAME = "$(TARGET_NAME)";
				SWIFT_VERSION = 5.0;
				TARGETED_DEVICE_FAMILY = "1,2";
				TEST_HOST = "$(BUILT_PRODUCTS_DIR)/Emoji Dictionary.app/Emoji Dictionary";
			};
			name = Release;
		};
		B648C597243BA91500B4BCB5 /* Debug */ = {
			isa = XCBuildConfiguration;
			buildSettings = {
				ALWAYS_EMBED_SWIFT_STANDARD_LIBRARIES = YES;
				CODE_SIGN_STYLE = Automatic;
				INFOPLIST_FILE = "Emoji DictionaryUITests/Info.plist";
				LD_RUNPATH_SEARCH_PATHS = (
					"$(inherited)",
					"@executable_path/Frameworks",
					"@loader_path/Frameworks",
				);
				PRODUCT_BUNDLE_IDENTIFIER = "Xeebs.Emoji-DictionaryUITests";
				PRODUCT_NAME = "$(TARGET_NAME)";
				SWIFT_VERSION = 5.0;
				TARGETED_DEVICE_FAMILY = "1,2";
				TEST_TARGET_NAME = "Emoji Dictionary";
			};
			name = Debug;
		};
		B648C598243BA91500B4BCB5 /* Release */ = {
			isa = XCBuildConfiguration;
			buildSettings = {
				ALWAYS_EMBED_SWIFT_STANDARD_LIBRARIES = YES;
				CODE_SIGN_STYLE = Automatic;
				INFOPLIST_FILE = "Emoji DictionaryUITests/Info.plist";
				LD_RUNPATH_SEARCH_PATHS = (
					"$(inherited)",
					"@executable_path/Frameworks",
					"@loader_path/Frameworks",
				);
				PRODUCT_BUNDLE_IDENTIFIER = "Xeebs.Emoji-DictionaryUITests";
				PRODUCT_NAME = "$(TARGET_NAME)";
				SWIFT_VERSION = 5.0;
				TARGETED_DEVICE_FAMILY = "1,2";
				TEST_TARGET_NAME = "Emoji Dictionary";
			};
			name = Release;
		};
/* End XCBuildConfiguration section */

/* Begin XCConfigurationList section */
		B648C561243BA91200B4BCB5 /* Build configuration list for PBXProject "Emoji Dictionary" */ = {
			isa = XCConfigurationList;
			buildConfigurations = (
				B648C58E243BA91500B4BCB5 /* Debug */,
				B648C58F243BA91500B4BCB5 /* Release */,
			);
			defaultConfigurationIsVisible = 0;
			defaultConfigurationName = Release;
		};
		B648C590243BA91500B4BCB5 /* Build configuration list for PBXNativeTarget "Emoji Dictionary" */ = {
			isa = XCConfigurationList;
			buildConfigurations = (
				B648C591243BA91500B4BCB5 /* Debug */,
				B648C592243BA91500B4BCB5 /* Release */,
			);
			defaultConfigurationIsVisible = 0;
			defaultConfigurationName = Release;
		};
		B648C593243BA91500B4BCB5 /* Build configuration list for PBXNativeTarget "Emoji DictionaryTests" */ = {
			isa = XCConfigurationList;
			buildConfigurations = (
				B648C594243BA91500B4BCB5 /* Debug */,
				B648C595243BA91500B4BCB5 /* Release */,
			);
			defaultConfigurationIsVisible = 0;
			defaultConfigurationName = Release;
		};
		B648C596243BA91500B4BCB5 /* Build configuration list for PBXNativeTarget "Emoji DictionaryUITests" */ = {
			isa = XCConfigurationList;
			buildConfigurations = (
				B648C597243BA91500B4BCB5 /* Debug */,
				B648C598243BA91500B4BCB5 /* Release */,
			);
			defaultConfigurationIsVisible = 0;
			defaultConfigurationName = Release;
		};
/* End XCConfigurationList section */
	};
	rootObject = B648C55E243BA91200B4BCB5 /* Project object */;
}
